
Microsoft Visual Studio Solution File, Format Version 12.00
# Visual Studio Version 16
VisualStudioVersion = 16.0.30717.126
MinimumVisualStudioVersion = 10.0.40219.1
Project("{FAE04EC0-301F-11D3-BF4B-00C04F79EFBC}") = "CryptographyLibrary", "CryptographyLibrary\CryptographyLibrary.csproj", "{F0CC1BFC-32E4-4D0F-9A4B-F36A9B1E881B}"
EndProject
Project("{FAE04EC0-301F-11D3-BF4B-00C04F79EFBC}") = "SecurityConsole", "SecurityConsole\SecurityConsole.csproj", "{D36B67A9-4C78-4B9D-ABDF-443950E12D41}"
	ProjectSection(ProjectDependencies) = postProject
		{F0CC1BFC-32E4-4D0F-9A4B-F36A9B1E881B} = {F0CC1BFC-32E4-4D0F-9A4B-F36A9B1E881B}
	EndProjectSection
EndProject
Global
	GlobalSection(SolutionConfigurationPlatforms) = preSolution
		Debug|Any CPU = Debug|Any CPU
		Release|Any CPU = Release|Any CPU
	EndGlobalSection
	GlobalSection(ProjectConfigurationPlatforms) = postSolution
		{F0CC1BFC-32E4-4D0F-9A4B-F36A9B1E881B}.Debug|Any CPU.ActiveCfg = Debug|Any CPU
		{F0CC1BFC-32E4-4D0F-9A4B-F36A9B1E881B}.Debug|Any CPU.Build.0 = Debug|Any CPU
		{F0CC1BFC-32E4-4D0F-9A4B-F36A9B1E881B}.Release|Any CPU.ActiveCfg = Release|Any CPU
		{F0CC1BFC-32E4-4D0F-9A4B-F36A9B1E881B}.Release|Any CPU.Build.0 = Release|Any CPU
		{D36B67A9-4C78-4B9D-ABDF-443950E12D41}.Debug|Any CPU.ActiveCfg = Debug|Any CPU
		{D36B67A9-4C78-4B9D-ABDF-443950E12D41}.Debug|Any CPU.Build.0 = Debug|Any CPU
		{D36B67A9-4C78-4B9D-ABDF-443950E12D41}.Release|Any CPU.ActiveCfg = Release|Any CPU
		{D36B67A9-4C78-4B9D-ABDF-443950E12D41}.Release|Any CPU.Build.0 = Release|Any CPU
	EndGlobalSection
	GlobalSection(SolutionProperties) = preSolution
		HideSolutionNode = FALSE
	EndGlobalSection
	GlobalSection(ExtensibilityGlobals) = postSolution
		SolutionGuid = {E833BA92-CE1E-45FE-8DB1-252ACD1E46AC}
	EndGlobalSection
EndGlobal
